
Microsoft Visual Studio Solution File, Format Version 12.00
# Visual Studio Version 17
VisualStudioVersion = 17.5.002.0
MinimumVisualStudioVersion = 10.0.40219.1
Project("{9A19103F-16F7-4668-BE54-9A1E7A4F7556}") = "P11BlazorWebAssembly.Client", "P11BlazorWebAssembly.Client.csproj", "{E99A8CD6-E189-4325-8815-7FD3D9B61356}"
EndProject
Global
	GlobalSection(SolutionConfigurationPlatforms) = preSolution
		Debug|Any CPU = Debug|Any CPU
		Release|Any CPU = Release|Any CPU
	EndGlobalSection
	GlobalSection(ProjectConfigurationPlatforms) = postSolution
		{E99A8CD6-E189-4325-8815-7FD3D9B61356}.Debug|Any CPU.ActiveCfg = Debug|Any CPU
		{E99A8CD6-E189-4325-8815-7FD3D9B61356}.Debug|Any CPU.Build.0 = Debug|Any CPU
		{E99A8CD6-E189-4325-8815-7FD3D9B61356}.Release|Any CPU.ActiveCfg = Release|Any CPU
		{E99A8CD6-E189-4325-8815-7FD3D9B61356}.Release|Any CPU.Build.0 = Release|Any CPU
	EndGlobalSection
	GlobalSection(SolutionProperties) = preSolution
		HideSolutionNode = FALSE
	EndGlobalSection
	GlobalSection(ExtensibilityGlobals) = postSolution
		SolutionGuid = {BFCF6606-80FF-4ED3-B436-F48982007E52}
	EndGlobalSection
EndGlobal
