
Microsoft Visual Studio Solution File, Format Version 12.00
# Visual Studio Version 17
VisualStudioVersion = 17.5.002.0
MinimumVisualStudioVersion = 10.0.40219.1
Project("{9A19103F-16F7-4668-BE54-9A1E7A4F7556}") = "P04VehicleDealership.Client", "P04VehicleDealership.Client.csproj", "{CBA92CF9-8340-4193-B513-40805448AF38}"
EndProject
Global
	GlobalSection(SolutionConfigurationPlatforms) = preSolution
		Debug|Any CPU = Debug|Any CPU
		Release|Any CPU = Release|Any CPU
	EndGlobalSection
	GlobalSection(ProjectConfigurationPlatforms) = postSolution
		{CBA92CF9-8340-4193-B513-40805448AF38}.Debug|Any CPU.ActiveCfg = Debug|Any CPU
		{CBA92CF9-8340-4193-B513-40805448AF38}.Debug|Any CPU.Build.0 = Debug|Any CPU
		{CBA92CF9-8340-4193-B513-40805448AF38}.Release|Any CPU.ActiveCfg = Release|Any CPU
		{CBA92CF9-8340-4193-B513-40805448AF38}.Release|Any CPU.Build.0 = Release|Any CPU
	EndGlobalSection
	GlobalSection(SolutionProperties) = preSolution
		HideSolutionNode = FALSE
	EndGlobalSection
	GlobalSection(ExtensibilityGlobals) = postSolution
		SolutionGuid = {E7AE541C-316A-4F52-8202-AD631AF537A5}
	EndGlobalSection
EndGlobal
